schema: '2.0'
stages:
  prepare:
    cmd: uv run src/prepare.py data/CICIDS2017_improved
    deps:
    - path: data/CICIDS2017_improved/friday.csv
      hash: md5
      md5: 7be19ef0498792c2d571745b0b26bd3d
      size: 285188226
    - path: data/CICIDS2017_improved/monday.csv
      hash: md5
      md5: 970ac311bb290c762c293d545acaaaa2
      size: 207875155
    - path: data/CICIDS2017_improved/thursday.csv
      hash: md5
      md5: 7dd4ed6edf5968d396af8a9066aa4e39
      size: 189519159
    - path: data/CICIDS2017_improved/tuesday.csv
      hash: md5
      md5: d067bdf5f6b6be5580cc7c4c62c8f92d
      size: 178397720
    - path: data/CICIDS2017_improved/wednesday.csv
      hash: md5
      md5: 67a2f5a133d77f179f194994dd5ca157
      size: 291290505
    - path: src/prepare.py
      hash: md5
      md5: 75ac450f582812a8ef45b4c57467db78
      size: 4179
    params:
      params.yaml:
        prepare.oversampling.method: None
        prepare.oversampling.method_params:
          neighbors: 3
          seed: 42
          sampling_strategy: auto
        prepare.split: 0.2
    outs:
    - path: data/prepared
      hash: md5
      md5: 43103b5652b61d0b0fa068c5c2b9e657.dir
      size: 837500775
      nfiles: 2
    - path: logs/prepare.log
      hash: md5
      md5: 77006964919f374b25a7f867bc3bbab3
      size: 287
  train:
    cmd: uv run src/train.py
    deps:
    - path: data/prepared/train.csv
      hash: md5
      md5: 91f248cda1a245f8bc202ca388f1d86a
      size: 670094790
    - path: src/train.py
      hash: md5
      md5: 79bc568b376d7846763bb61960ab726a
      size: 1226
    params:
      params.yaml:
        train.classifier: ImprovedC45
        train.classifier_params:
          max_depth: 10
    outs:
    - path: data/models/improved_c45_model.joblib
      hash: md5
      md5: da79926e63ca27b87ac6d41502ff2a0f
      size: 116977
    - path: logs/train.log
      hash: md5
      md5: cae3fb73a162ab06882b05c16cfec804
      size: 339
  evaluate:
    cmd: uv run src/evaluate.py
    deps:
    - path: data/models/improved_c45_model.joblib
      hash: md5
      md5: da79926e63ca27b87ac6d41502ff2a0f
      size: 116977
    - path: data/prepared/test.csv
      hash: md5
      md5: 8d1d98ee90e7748d3a806f9b01c3055e
      size: 167405985
    - path: src/evaluate.py
      hash: md5
      md5: d674c8ef9c8ae181e3e9c6db0294111b
      size: 3174
    outs:
    - path: evaluate
      hash: md5
      md5: a8dc11e31c8f7e67844c87d51aefe701.dir
      size: 25747839
      nfiles: 5
    - path: logs/evaluate.log
      hash: md5
      md5: 1228f6977be3f32067a662d459f717e9
      size: 193
